
Microsoft Visual Studio Solution File, Format Version 12.00
# Visual Studio Version 17
VisualStudioVersion = 17.8.34316.72
MinimumVisualStudioVersion = 10.0.40219.1
Project("{FAE04EC0-301F-11D3-BF4B-00C04F79EFBC}") = "VectorAlgebra", "VectorAlgebra\VectorAlgebra.csproj", "{57D0F8D3-7C1F-4133-88C8-94856EDDE180}"
EndProject
Global
	GlobalSection(SolutionConfigurationPlatforms) = preSolution
		Debug|Any CPU = Debug|Any CPU
		Release|Any CPU = Release|Any CPU
	EndGlobalSection
	GlobalSection(ProjectConfigurationPlatforms) = postSolution
		{57D0F8D3-7C1F-4133-88C8-94856EDDE180}.Debug|Any CPU.ActiveCfg = Debug|Any CPU
		{57D0F8D3-7C1F-4133-88C8-94856EDDE180}.Debug|Any CPU.Build.0 = Debug|Any CPU
		{57D0F8D3-7C1F-4133-88C8-94856EDDE180}.Release|Any CPU.ActiveCfg = Release|Any CPU
		{57D0F8D3-7C1F-4133-88C8-94856EDDE180}.Release|Any CPU.Build.0 = Release|Any CPU
	EndGlobalSection
	GlobalSection(SolutionProperties) = preSolution
		HideSolutionNode = FALSE
	EndGlobalSection
	GlobalSection(ExtensibilityGlobals) = postSolution
		SolutionGuid = {02929782-7A62-4FE6-A7AF-C2408F4DE256}
	EndGlobalSection
EndGlobal
